
Microsoft Visual Studio Solution File, Format Version 12.00
# Visual Studio Version 16
VisualStudioVersion = 16.0.33130.400
MinimumVisualStudioVersion = 10.0.40219.1
Project("{F184B08F-C81C-45F6-A57F-5ABD9991F28F}") = "Proyecto_Alchapar_Jonathan", "Proyecto_Alchapar_Jonatha\Proyecto_Alchapar_Jonathan.vbproj", "{0D268290-B821-4424-AACA-3CF386136ACF}"
EndProject
Global
	GlobalSection(SolutionConfigurationPlatforms) = preSolution
		Debug|Any CPU = Debug|Any CPU
		Release|Any CPU = Release|Any CPU
	EndGlobalSection
	GlobalSection(ProjectConfigurationPlatforms) = postSolution
		{0D268290-B821-4424-AACA-3CF386136ACF}.Debug|Any CPU.ActiveCfg = Debug|Any CPU
		{0D268290-B821-4424-AACA-3CF386136ACF}.Debug|Any CPU.Build.0 = Debug|Any CPU
		{0D268290-B821-4424-AACA-3CF386136ACF}.Release|Any CPU.ActiveCfg = Release|Any CPU
		{0D268290-B821-4424-AACA-3CF386136ACF}.Release|Any CPU.Build.0 = Release|Any CPU
	EndGlobalSection
	GlobalSection(SolutionProperties) = preSolution
		HideSolutionNode = FALSE
	EndGlobalSection
	GlobalSection(ExtensibilityGlobals) = postSolution
		SolutionGuid = {995F998C-7AD5-44AF-8B11-4790325B9E85}
	EndGlobalSection
EndGlobal
